// !$*UTF8*$!
{
	archiveVersion = 1;
	classes = {
	};
	objectVersion = 56;
	objects = {

/* Begin PBXBuildFile section */
		33791AD72BDA83CD003E6C75 /* PoCSocketClientApp.swift in Sources */ = {isa = PBXBuildFile; fileRef = 33791AD62BDA83CD003E6C75 /* PoCSocketClientApp.swift */; };
		33791AD92BDA83CD003E6C75 /* ContentView.swift in Sources */ = {isa = PBXBuildFile; fileRef = 33791AD82BDA83CD003E6C75 /* ContentView.swift */; };
		33791ADB2BDA83CF003E6C75 /* Assets.xcassets in Resources */ = {isa = PBXBuildFile; fileRef = 33791ADA2BDA83CF003E6C75 /* Assets.xcassets */; };
		33791ADE2BDA83CF003E6C75 /* Preview Assets.xcassets in Resources */ = {isa = PBXBuildFile; fileRef = 33791ADD2BDA83CF003E6C75 /* Preview Assets.xcassets */; };
		33791AE82BDA83CF003E6C75 /* PoCSocketClientTests.swift in Sources */ = {isa = PBXBuildFile; fileRef = 33791AE72BDA83CF003E6C75 /* PoCSocketClientTests.swift */; };
		33791AF22BDA83CF003E6C75 /* PoCSocketClientUITests.swift in Sources */ = {isa = PBXBuildFile; fileRef = 33791AF12BDA83CF003E6C75 /* PoCSocketClientUITests.swift */; };
		33791AF42BDA83CF003E6C75 /* PoCSocketClientUITestsLaunchTests.swift in Sources */ = {isa = PBXBuildFile; fileRef = 33791AF32BDA83CF003E6C75 /* PoCSocketClientUITestsLaunchTests.swift */; };
/* End PBXBuildFile section */

/* Begin PBXContainerItemProxy section */
		33791AE42BDA83CF003E6C75 /* PBXContainerItemProxy */ = {
			isa = PBXContainerItemProxy;
			containerPortal = 33791ACB2BDA83CC003E6C75 /* Project object */;
			proxyType = 1;
			remoteGlobalIDString = 33791AD22BDA83CC003E6C75;
			remoteInfo = PoCSocketClient;
		};
		33791AEE2BDA83CF003E6C75 /* PBXContainerItemProxy */ = {
			isa = PBXContainerItemProxy;
			containerPortal = 33791ACB2BDA83CC003E6C75 /* Project object */;
			proxyType = 1;
			remoteGlobalIDString = 33791AD22BDA83CC003E6C75;
			remoteInfo = PoCSocketClient;
		};
/* End PBXContainerItemProxy section */

/* Begin PBXFileReference section */
		33791AD32BDA83CD003E6C75 /* PoCSocketClient.app */ = {isa = PBXFileReference; explicitFileType = wrapper.application; includeInIndex = 0; path = PoCSocketClient.app; sourceTree = BUILT_PRODUCTS_DIR; };
		33791AD62BDA83CD003E6C75 /* PoCSocketClientApp.swift */ = {isa = PBXFileReference; lastKnownFileType = sourcecode.swift; path = PoCSocketClientApp.swift; sourceTree = "<group>"; };
		33791AD82BDA83CD003E6C75 /* ContentView.swift */ = {isa = PBXFileReference; lastKnownFileType = sourcecode.swift; path = ContentView.swift; sourceTree = "<group>"; };
		33791ADA2BDA83CF003E6C75 /* Assets.xcassets */ = {isa = PBXFileReference; lastKnownFileType = folder.assetcatalog; path = Assets.xcassets; sourceTree = "<group>"; };
		33791ADD2BDA83CF003E6C75 /* Preview Assets.xcassets */ = {isa = PBXFileReference; lastKnownFileType = folder.assetcatalog; path = "Preview Assets.xcassets"; sourceTree = "<group>"; };
		33791AE32BDA83CF003E6C75 /* PoCSocketClientTests.xctest */ = {isa = PBXFileReference; explicitFileType = wrapper.cfbundle; includeInIndex = 0; path = PoCSocketClientTests.xctest; sourceTree = BUILT_PRODUCTS_DIR; };
		33791AE72BDA83CF003E6C75 /* PoCSocketClientTests.swift */ = {isa = PBXFileReference; lastKnownFileType = sourcecode.swift; path = PoCSocketClientTests.swift; sourceTree = "<group>"; };
		33791AED2BDA83CF003E6C75 /* PoCSocketClientUITests.xctest */ = {isa = PBXFileReference; explicitFileType = wrapper.cfbundle; includeInIndex = 0; path = PoCSocketClientUITests.xctest; sourceTree = BUILT_PRODUCTS_DIR; };
		33791AF12BDA83CF003E6C75 /* PoCSocketClientUITests.swift */ = {isa = PBXFileReference; lastKnownFileType = sourcecode.swift; path = PoCSocketClientUITests.swift; sourceTree = "<group>"; };
		33791AF32BDA83CF003E6C75 /* PoCSocketClientUITestsLaunchTests.swift */ = {isa = PBXFileReference; lastKnownFileType = sourcecode.swift; path = PoCSocketClientUITestsLaunchTests.swift; sourceTree = "<group>"; };
/* End PBXFileReference section */

/* Begin PBXFrameworksBuildPhase section */
		33791AD02BDA83CC003E6C75 /* Frameworks */ = {
			isa = PBXFrameworksBuildPhase;
			buildActionMask = 2147483647;
			files = (
			);
			runOnlyForDeploymentPostprocessing = 0;
		};
		33791AE02BDA83CF003E6C75 /* Frameworks */ = {
			isa = PBXFrameworksBuildPhase;
			buildActionMask = 2147483647;
			files = (
			);
			runOnlyForDeploymentPostprocessing = 0;
		};
		33791AEA2BDA83CF003E6C75 /* Frameworks */ = {
			isa = PBXFrameworksBuildPhase;
			buildActionMask = 2147483647;
			files = (
			);
			runOnlyForDeploymentPostprocessing = 0;
		};
/* End PBXFrameworksBuildPhase section */

/* Begin PBXGroup section */
		33791ACA2BDA83CC003E6C75 = {
			isa = PBXGroup;
			children = (
				33791AD52BDA83CD003E6C75 /* PoCSocketClient */,
				33791AE62BDA83CF003E6C75 /* PoCSocketClientTests */,
				33791AF02BDA83CF003E6C75 /* PoCSocketClientUITests */,
				33791AD42BDA83CD003E6C75 /* Products */,
			);
			sourceTree = "<group>";
		};
		33791AD42BDA83CD003E6C75 /* Products */ = {
			isa = PBXGroup;
			children = (
				33791AD32BDA83CD003E6C75 /* PoCSocketClient.app */,
				33791AE32BDA83CF003E6C75 /* PoCSocketClientTests.xctest */,
				33791AED2BDA83CF003E6C75 /* PoCSocketClientUITests.xctest */,
			);
			name = Products;
			sourceTree = "<group>";
		};
		33791AD52BDA83CD003E6C75 /* PoCSocketClient */ = {
			isa = PBXGroup;
			children = (
				33791AD62BDA83CD003E6C75 /* PoCSocketClientApp.swift */,
				33791AD82BDA83CD003E6C75 /* ContentView.swift */,
				33791ADA2BDA83CF003E6C75 /* Assets.xcassets */,
				33791ADC2BDA83CF003E6C75 /* Preview Content */,
			);
			path = PoCSocketClient;
			sourceTree = "<group>";
		};
		33791ADC2BDA83CF003E6C75 /* Preview Content */ = {
			isa = PBXGroup;
			children = (
				33791ADD2BDA83CF003E6C75 /* Preview Assets.xcassets */,
			);
			path = "Preview Content";
			sourceTree = "<group>";
		};
		33791AE62BDA83CF003E6C75 /* PoCSocketClientTests */ = {
			isa = PBXGroup;
			children = (
				33791AE72BDA83CF003E6C75 /* PoCSocketClientTests.swift */,
			);
			path = PoCSocketClientTests;
			sourceTree = "<group>";
		};
		33791AF02BDA83CF003E6C75 /* PoCSocketClientUITests */ = {
			isa = PBXGroup;
			children = (
				33791AF12BDA83CF003E6C75 /* PoCSocketClientUITests.swift */,
				33791AF32BDA83CF003E6C75 /* PoCSocketClientUITestsLaunchTests.swift */,
			);
			path = PoCSocketClientUITests;
			sourceTree = "<group>";
		};
/* End PBXGroup section */

/* Begin PBXNativeTarget section */
		33791AD22BDA83CC003E6C75 /* PoCSocketClient */ = {
			isa = PBXNativeTarget;
			buildConfigurationList = 33791AF72BDA83CF003E6C75 /* Build configuration list for PBXNativeTarget "PoCSocketClient" */;
			buildPhases = (
				33791ACF2BDA83CC003E6C75 /* Sources */,
				33791AD02BDA83CC003E6C75 /* Frameworks */,
				33791AD12BDA83CC003E6C75 /* Resources */,
			);
			buildRules = (
			);
			dependencies = (
			);
			name = PoCSocketClient;
			productName = PoCSocketClient;
			productReference = 33791AD32BDA83CD003E6C75 /* PoCSocketClient.app */;
			productType = "com.apple.product-type.application";
		};
		33791AE22BDA83CF003E6C75 /* PoCSocketClientTests */ = {
			isa = PBXNativeTarget;
			buildConfigurationList = 33791AFA2BDA83CF003E6C75 /* Build configuration list for PBXNativeTarget "PoCSocketClientTests" */;
			buildPhases = (
				33791ADF2BDA83CF003E6C75 /* Sources */,
				33791AE02BDA83CF003E6C75 /* Frameworks */,
				33791AE12BDA83CF003E6C75 /* Resources */,
			);
			buildRules = (
			);
			dependencies = (
				33791AE52BDA83CF003E6C75 /* PBXTargetDependency */,
			);
			name = PoCSocketClientTests;
			productName = PoCSocketClientTests;
			productReference = 33791AE32BDA83CF003E6C75 /* PoCSocketClientTests.xctest */;
			productType = "com.apple.product-type.bundle.unit-test";
		};
		33791AEC2BDA83CF003E6C75 /* PoCSocketClientUITests */ = {
			isa = PBXNativeTarget;
			buildConfigurationList = 33791AFD2BDA83CF003E6C75 /* Build configuration list for PBXNativeTarget "PoCSocketClientUITests" */;
			buildPhases = (
				33791AE92BDA83CF003E6C75 /* Sources */,
				33791AEA2BDA83CF003E6C75 /* Frameworks */,
				33791AEB2BDA83CF003E6C75 /* Resources */,
			);
			buildRules = (
			);
			dependencies = (
				33791AEF2BDA83CF003E6C75 /* PBXTargetDependency */,
			);
			name = PoCSocketClientUITests;
			productName = PoCSocketClientUITests;
			productReference = 33791AED2BDA83CF003E6C75 /* PoCSocketClientUITests.xctest */;
			productType = "com.apple.product-type.bundle.ui-testing";
		};
/* End PBXNativeTarget section */

/* Begin PBXProject section */
		33791ACB2BDA83CC003E6C75 /* Project object */ = {
			isa = PBXProject;
			attributes = {
				BuildIndependentTargetsInParallel = 1;
				LastSwiftUpdateCheck = 1530;
				LastUpgradeCheck = 1530;
				TargetAttributes = {
					33791AD22BDA83CC003E6C75 = {
						CreatedOnToolsVersion = 15.3;
					};
					33791AE22BDA83CF003E6C75 = {
						CreatedOnToolsVersion = 15.3;
						TestTargetID = 33791AD22BDA83CC003E6C75;
					};
					33791AEC2BDA83CF003E6C75 = {
						CreatedOnToolsVersion = 15.3;
						TestTargetID = 33791AD22BDA83CC003E6C75;
					};
				};
			};
			buildConfigurationList = 33791ACE2BDA83CC003E6C75 /* Build configuration list for PBXProject "PoCSocketClient" */;
			compatibilityVersion = "Xcode 14.0";
			developmentRegion = en;
			hasScannedForEncodings = 0;
			knownRegions = (
				en,
				Base,
			);
			mainGroup = 33791ACA2BDA83CC003E6C75;
			packageReferences = (
				33791B002BDA8CA5003E6C75 /* XCRemoteSwiftPackageReference "socket" */,
			);
			productRefGroup = 33791AD42BDA83CD003E6C75 /* Products */;
			projectDirPath = "";
			projectRoot = "";
			targets = (
				33791AD22BDA83CC003E6C75 /* PoCSocketClient */,
				33791AE22BDA83CF003E6C75 /* PoCSocketClientTests */,
				33791AEC2BDA83CF003E6C75 /* PoCSocketClientUITests */,
			);
		};
/* End PBXProject section */

/* Begin PBXResourcesBuildPhase section */
		33791AD12BDA83CC003E6C75 /* Resources */ = {
			isa = PBXResourcesBuildPhase;
			buildActionMask = 2147483647;
			files = (
				33791ADE2BDA83CF003E6C75 /* Preview Assets.xcassets in Resources */,
				33791ADB2BDA83CF003E6C75 /* Assets.xcassets in Resources */,
			);
			runOnlyForDeploymentPostprocessing = 0;
		};
		33791AE12BDA83CF003E6C75 /* Resources */ = {
			isa = PBXResourcesBuildPhase;
			buildActionMask = 2147483647;
			files = (
			);
			runOnlyForDeploymentPostprocessing = 0;
		};
		33791AEB2BDA83CF003E6C75 /* Resources */ = {
			isa = PBXResourcesBuildPhase;
			buildActionMask = 2147483647;
			files = (
			);
			runOnlyForDeploymentPostprocessing = 0;
		};
/* End PBXResourcesBuildPhase section */

/* Begin PBXSourcesBuildPhase section */
		33791ACF2BDA83CC003E6C75 /* Sources */ = {
			isa = PBXSourcesBuildPhase;
			buildActionMask = 2147483647;
			files = (
				33791AD92BDA83CD003E6C75 /* ContentView.swift in Sources */,
				33791AD72BDA83CD003E6C75 /* PoCSocketClientApp.swift in Sources */,
			);
			runOnlyForDeploymentPostprocessing = 0;
		};
		33791ADF2BDA83CF003E6C75 /* Sources */ = {
			isa = PBXSourcesBuildPhase;
			buildActionMask = 2147483647;
			files = (
				33791AE82BDA83CF003E6C75 /* PoCSocketClientTests.swift in Sources */,
			);
			runOnlyForDeploymentPostprocessing = 0;
		};
		33791AE92BDA83CF003E6C75 /* Sources */ = {
			isa = PBXSourcesBuildPhase;
			buildActionMask = 2147483647;
			files = (
				33791AF22BDA83CF003E6C75 /* PoCSocketClientUITests.swift in Sources */,
				33791AF42BDA83CF003E6C75 /* PoCSocketClientUITestsLaunchTests.swift in Sources */,
			);
			runOnlyForDeploymentPostprocessing = 0;
		};
/* End PBXSourcesBuildPhase section */

/* Begin PBXTargetDependency section */
		33791AE52BDA83CF003E6C75 /* PBXTargetDependency */ = {
			isa = PBXTargetDependency;
			target = 33791AD22BDA83CC003E6C75 /* PoCSocketClient */;
			targetProxy = 33791AE42BDA83CF003E6C75 /* PBXContainerItemProxy */;
		};
		33791AEF2BDA83CF003E6C75 /* PBXTargetDependency */ = {
			isa = PBXTargetDependency;
			target = 33791AD22BDA83CC003E6C75 /* PoCSocketClient */;
			targetProxy = 33791AEE2BDA83CF003E6C75 /* PBXContainerItemProxy */;
		};
/* End PBXTargetDependency section */

/* Begin XCBuildConfiguration section */
		33791AF52BDA83CF003E6C75 /* Debug */ = {
			isa = XCBuildConfiguration;
			buildSettings = {
				ALWAYS_SEARCH_USER_PATHS = NO;
				ASSETCATALOG_COMPILER_GENERATE_SWIFT_ASSET_SYMBOL_EXTENSIONS = YES;
				CLANG_ANALYZER_NONNULL = YES;
				CLANG_ANALYZER_NUMBER_OBJECT_CONVERSION = YES_AGGRESSIVE;
				CLANG_CXX_LANGUAGE_STANDARD = "gnu++20";
				CLANG_ENABLE_MODULES = YES;
				CLANG_ENABLE_OBJC_ARC = YES;
				CLANG_ENABLE_OBJC_WEAK = YES;
				CLANG_WARN_BLOCK_CAPTURE_AUTORELEASING = YES;
				CLANG_WARN_BOOL_CONVERSION = YES;
				CLANG_WARN_COMMA = YES;
				CLANG_WARN_CONSTANT_CONVERSION = YES;
				CLANG_WARN_DEPRECATED_OBJC_IMPLEMENTATIONS = YES;
				CLANG_WARN_DIRECT_OBJC_ISA_USAGE = YES_ERROR;
				CLANG_WARN_DOCUMENTATION_COMMENTS = YES;
				CLANG_WARN_EMPTY_BODY = YES;
				CLANG_WARN_ENUM_CONVERSION = YES;
				CLANG_WARN_INFINITE_RECURSION = YES;
				CLANG_WARN_INT_CONVERSION = YES;
				CLANG_WARN_NON_LITERAL_NULL_CONVERSION = YES;
				CLANG_WARN_OBJC_IMPLICIT_RETAIN_SELF = YES;
				CLANG_WARN_OBJC_LITERAL_CONVERSION = YES;
				CLANG_WARN_OBJC_ROOT_CLASS = YES_ERROR;
				CLANG_WARN_QUOTED_INCLUDE_IN_FRAMEWORK_HEADER = YES;
				CLANG_WARN_RANGE_LOOP_ANALYSIS = YES;
				CLANG_WARN_STRICT_PROTOTYPES = YES;
				CLANG_WARN_SUSPICIOUS_MOVE = YES;
				CLANG_WARN_UNGUARDED_AVAILABILITY = YES_AGGRESSIVE;
				CLANG_WARN_UNREACHABLE_CODE = YES;
				CLANG_WARN__DUPLICATE_METHOD_MATCH = YES;
				COPY_PHASE_STRIP = NO;
				DEBUG_INFORMATION_FORMAT = dwarf;
				ENABLE_STRICT_OBJC_MSGSEND = YES;
				ENABLE_TESTABILITY = YES;
				ENABLE_USER_SCRIPT_SANDBOXING = YES;
				GCC_C_LANGUAGE_STANDARD = gnu17;
				GCC_DYNAMIC_NO_PIC = NO;
				GCC_NO_COMMON_BLOCKS = YES;
				GCC_OPTIMIZATION_LEVEL = 0;
				GCC_PREPROCESSOR_DEFINITIONS = (
					"DEBUG=1",
					"$(inherited)",
				);
				GCC_WARN_64_TO_32_BIT_CONVERSION = YES;
				GCC_WARN_ABOUT_RETURN_TYPE = YES_ERROR;
				GCC_WARN_UNDECLARED_SELECTOR = YES;
				GCC_WARN_UNINITIALIZED_AUTOS = YES_AGGRESSIVE;
				GCC_WARN_UNUSED_FUNCTION = YES;
				GCC_WARN_UNUSED_VARIABLE = YES;
				IPHONEOS_DEPLOYMENT_TARGET = 17.4;
				LOCALIZATION_PREFERS_STRING_CATALOGS = YES;
				MTL_ENABLE_DEBUG_INFO = INCLUDE_SOURCE;
				MTL_FAST_MATH = YES;
				ONLY_ACTIVE_ARCH = YES;
				SDKROOT = iphoneos;
				SWIFT_ACTIVE_COMPILATION_CONDITIONS = "DEBUG $(inherited)";
				SWIFT_OPTIMIZATION_LEVEL = "-Onone";
			};
			name = Debug;
		};
		33791AF62BDA83CF003E6C75 /* Release */ = {
			isa = XCBuildConfiguration;
			buildSettings = {
				ALWAYS_SEARCH_USER_PATHS = NO;
				ASSETCATALOG_COMPILER_GENERATE_SWIFT_ASSET_SYMBOL_EXTENSIONS = YES;
				CLANG_ANALYZER_NONNULL = YES;
				CLANG_ANALYZER_NUMBER_OBJECT_CONVERSION = YES_AGGRESSIVE;
				CLANG_CXX_LANGUAGE_STANDARD = "gnu++20";
				CLANG_ENABLE_MODULES = YES;
				CLANG_ENABLE_OBJC_ARC = YES;
				CLANG_ENABLE_OBJC_WEAK = YES;
				CLANG_WARN_BLOCK_CAPTURE_AUTORELEASING = YES;
				CLANG_WARN_BOOL_CONVERSION = YES;
				CLANG_WARN_COMMA = YES;
				CLANG_WARN_CONSTANT_CONVERSION = YES;
				CLANG_WARN_DEPRECATED_OBJC_IMPLEMENTATIONS = YES;
				CLANG_WARN_DIRECT_OBJC_ISA_USAGE = YES_ERROR;
				CLANG_WARN_DOCUMENTATION_COMMENTS = YES;
				CLANG_WARN_EMPTY_BODY = YES;
				CLANG_WARN_ENUM_CONVERSION = YES;
				CLANG_WARN_INFINITE_RECURSION = YES;
				CLANG_WARN_INT_CONVERSION = YES;
				CLANG_WARN_NON_LITERAL_NULL_CONVERSION = YES;
				CLANG_WARN_OBJC_IMPLICIT_RETAIN_SELF = YES;
				CLANG_WARN_OBJC_LITERAL_CONVERSION = YES;
				CLANG_WARN_OBJC_ROOT_CLASS = YES_ERROR;
				CLANG_WARN_QUOTED_INCLUDE_IN_FRAMEWORK_HEADER = YES;
				CLANG_WARN_RANGE_LOOP_ANALYSIS = YES;
				CLANG_WARN_STRICT_PROTOTYPES = YES;
				CLANG_WARN_SUSPICIOUS_MOVE = YES;
				CLANG_WARN_UNGUARDED_AVAILABILITY = YES_AGGRESSIVE;
				CLANG_WARN_UNREACHABLE_CODE = YES;
				CLANG_WARN__DUPLICATE_METHOD_MATCH = YES;
				COPY_PHASE_STRIP = NO;
				DEBUG_INFORMATION_FORMAT = "dwarf-with-dsym";
				ENABLE_NS_ASSERTIONS = NO;
				ENABLE_STRICT_OBJC_MSGSEND = YES;
				ENABLE_USER_SCRIPT_SANDBOXING = YES;
				GCC_C_LANGUAGE_STANDARD = gnu17;
				GCC_NO_COMMON_BLOCKS = YES;
				GCC_WARN_64_TO_32_BIT_CONVERSION = YES;
				GCC_WARN_ABOUT_RETURN_TYPE = YES_ERROR;
				GCC_WARN_UNDECLARED_SELECTOR = YES;
				GCC_WARN_UNINITIALIZED_AUTOS = YES_AGGRESSIVE;
				GCC_WARN_UNUSED_FUNCTION = YES;
				GCC_WARN_UNUSED_VARIABLE = YES;
				IPHONEOS_DEPLOYMENT_TARGET = 17.4;
				LOCALIZATION_PREFERS_STRING_CATALOGS = YES;
				MTL_ENABLE_DEBUG_INFO = NO;
				MTL_FAST_MATH = YES;
				SDKROOT = iphoneos;
				SWIFT_COMPILATION_MODE = wholemodule;
				VALIDATE_PRODUCT = YES;
			};
			name = Release;
		};
		33791AF82BDA83CF003E6C75 /* Debug */ = {
			isa = XCBuildConfiguration;
			buildSettings = {
				ASSETCATALOG_COMPILER_APPICON_NAME = AppIcon;
				ASSETCATALOG_COMPILER_GLOBAL_ACCENT_COLOR_NAME = AccentColor;
				CODE_SIGN_STYLE = Automatic;
				CURRENT_PROJECT_VERSION = 1;
				DEVELOPMENT_ASSET_PATHS = "\"PoCSocketClient/Preview Content\"";
				ENABLE_PREVIEWS = YES;
				GENERATE_INFOPLIST_FILE = YES;
				INFOPLIST_KEY_UIApplicationSceneManifest_Generation = YES;
				INFOPLIST_KEY_UIApplicationSupportsIndirectInputEvents = YES;
				INFOPLIST_KEY_UILaunchScreen_Generation = YES;
				INFOPLIST_KEY_UISupportedInterfaceOrientations_iPad = "UIInterfaceOrientationPortrait UIInterfaceOrientationPortraitUpsideDown UIInterfaceOrientationLandscapeLeft UIInterfaceOrientationLandscapeRight";
				INFOPLIST_KEY_UISupportedInterfaceOrientations_iPhone = "UIInterfaceOrientationPortrait UIInterfaceOrientationLandscapeLeft UIInterfaceOrientationLandscapeRight";
				LD_RUNPATH_SEARCH_PATHS = (
					"$(inherited)",
					"@executable_path/Frameworks",
				);
				MARKETING_VERSION = 1.0;
				PRODUCT_BUNDLE_IDENTIFIER = test.PoCSocketClient;
				PRODUCT_NAME = "$(TARGET_NAME)";
				SWIFT_EMIT_LOC_STRINGS = YES;
				SWIFT_VERSION = 5.0;
				TARGETED_DEVICE_FAMILY = "1,2";
			};
			name = Debug;
		};
		33791AF92BDA83CF003E6C75 /* Release */ = {
			isa = XCBuildConfiguration;
			buildSettings = {
				ASSETCATALOG_COMPILER_APPICON_NAME = AppIcon;
				ASSETCATALOG_COMPILER_GLOBAL_ACCENT_COLOR_NAME = AccentColor;
				CODE_SIGN_STYLE = Automatic;
				CURRENT_PROJECT_VERSION = 1;
				DEVELOPMENT_ASSET_PATHS = "\"PoCSocketClient/Preview Content\"";
				ENABLE_PREVIEWS = YES;
				GENERATE_INFOPLIST_FILE = YES;
				INFOPLIST_KEY_UIApplicationSceneManifest_Generation = YES;
				INFOPLIST_KEY_UIApplicationSupportsIndirectInputEvents = YES;
				INFOPLIST_KEY_UILaunchScreen_Generation = YES;
				INFOPLIST_KEY_UISupportedInterfaceOrientations_iPad = "UIInterfaceOrientationPortrait UIInterfaceOrientationPortraitUpsideDown UIInterfaceOrientationLandscapeLeft UIInterfaceOrientationLandscapeRight";
				INFOPLIST_KEY_UISupportedInterfaceOrientations_iPhone = "UIInterfaceOrientationPortrait UIInterfaceOrientationLandscapeLeft UIInterfaceOrientationLandscapeRight";
				LD_RUNPATH_SEARCH_PATHS = (
					"$(inherited)",
					"@executable_path/Frameworks",
				);
				MARKETING_VERSION = 1.0;
				PRODUCT_BUNDLE_IDENTIFIER = test.PoCSocketClient;
				PRODUCT_NAME = "$(TARGET_NAME)";
				SWIFT_EMIT_LOC_STRINGS = YES;
				SWIFT_VERSION = 5.0;
				TARGETED_DEVICE_FAMILY = "1,2";
			};
			name = Release;
		};
		33791AFB2BDA83CF003E6C75 /* Debug */ = {
			isa = XCBuildConfiguration;
			buildSettings = {
				ALWAYS_EMBED_SWIFT_STANDARD_LIBRARIES = YES;
				BUNDLE_LOADER = "$(TEST_HOST)";
				CODE_SIGN_STYLE = Automatic;
				CURRENT_PROJECT_VERSION = 1;
				GENERATE_INFOPLIST_FILE = YES;
				IPHONEOS_DEPLOYMENT_TARGET = 17.4;
				MARKETING_VERSION = 1.0;
				PRODUCT_BUNDLE_IDENTIFIER = test.PoCSocketClientTests;
				PRODUCT_NAME = "$(TARGET_NAME)";
				SWIFT_EMIT_LOC_STRINGS = NO;
				SWIFT_VERSION = 5.0;
				TARGETED_DEVICE_FAMILY = "1,2";
				TEST_HOST = "$(BUILT_PRODUCTS_DIR)/PoCSocketClient.app/$(BUNDLE_EXECUTABLE_FOLDER_PATH)/PoCSocketClient";
			};
			name = Debug;
		};
		33791AFC2BDA83CF003E6C75 /* Release */ = {
			isa = XCBuildConfiguration;
			buildSettings = {
				ALWAYS_EMBED_SWIFT_STANDARD_LIBRARIES = YES;
				BUNDLE_LOADER = "$(TEST_HOST)";
				CODE_SIGN_STYLE = Automatic;
				CURRENT_PROJECT_VERSION = 1;
				GENERATE_INFOPLIST_FILE = YES;
				IPHONEOS_DEPLOYMENT_TARGET = 17.4;
				MARKETING_VERSION = 1.0;
				PRODUCT_BUNDLE_IDENTIFIER = test.PoCSocketClientTests;
				PRODUCT_NAME = "$(TARGET_NAME)";
				SWIFT_EMIT_LOC_STRINGS = NO;
				SWIFT_VERSION = 5.0;
				TARGETED_DEVICE_FAMILY = "1,2";
				TEST_HOST = "$(BUILT_PRODUCTS_DIR)/PoCSocketClient.app/$(BUNDLE_EXECUTABLE_FOLDER_PATH)/PoCSocketClient";
			};
			name = Release;
		};
		33791AFE2BDA83CF003E6C75 /* Debug */ = {
			isa = XCBuildConfiguration;
			buildSettings = {
				ALWAYS_EMBED_SWIFT_STANDARD_LIBRARIES = YES;
				CODE_SIGN_STYLE = Automatic;
				CURRENT_PROJECT_VERSION = 1;
				GENERATE_INFOPLIST_FILE = YES;
				MARKETING_VERSION = 1.0;
				PRODUCT_BUNDLE_IDENTIFIER = test.PoCSocketClientUITests;
				PRODUCT_NAME = "$(TARGET_NAME)";
				SWIFT_EMIT_LOC_STRINGS = NO;
				SWIFT_VERSION = 5.0;
				TARGETED_DEVICE_FAMILY = "1,2";
				TEST_TARGET_NAME = PoCSocketClient;
			};
			name = Debug;
		};
		33791AFF2BDA83CF003E6C75 /* Release */ = {
			isa = XCBuildConfiguration;
			buildSettings = {
				ALWAYS_EMBED_SWIFT_STANDARD_LIBRARIES = YES;
				CODE_SIGN_STYLE = Automatic;
				CURRENT_PROJECT_VERSION = 1;
				GENERATE_INFOPLIST_FILE = YES;
				MARKETING_VERSION = 1.0;
				PRODUCT_BUNDLE_IDENTIFIER = test.PoCSocketClientUITests;
				PRODUCT_NAME = "$(TARGET_NAME)";
				SWIFT_EMIT_LOC_STRINGS = NO;
				SWIFT_VERSION = 5.0;
				TARGETED_DEVICE_FAMILY = "1,2";
				TEST_TARGET_NAME = PoCSocketClient;
			};
			name = Release;
		};
/* End XCBuildConfiguration section */

/* Begin XCConfigurationList section */
		33791ACE2BDA83CC003E6C75 /* Build configuration list for PBXProject "PoCSocketClient" */ = {
			isa = XCConfigurationList;
			buildConfigurations = (
				33791AF52BDA83CF003E6C75 /* Debug */,
				33791AF62BDA83CF003E6C75 /* Release */,
			);
			defaultConfigurationIsVisible = 0;
			defaultConfigurationName = Release;
		};
		33791AF72BDA83CF003E6C75 /* Build configuration list for PBXNativeTarget "PoCSocketClient" */ = {
			isa = XCConfigurationList;
			buildConfigurations = (
				33791AF82BDA83CF003E6C75 /* Debug */,
				33791AF92BDA83CF003E6C75 /* Release */,
			);
			defaultConfigurationIsVisible = 0;
			defaultConfigurationName = Release;
		};
		33791AFA2BDA83CF003E6C75 /* Build configuration list for PBXNativeTarget "PoCSocketClientTests" */ = {
			isa = XCConfigurationList;
			buildConfigurations = (
				33791AFB2BDA83CF003E6C75 /* Debug */,
				33791AFC2BDA83CF003E6C75 /* Release */,
			);
			defaultConfigurationIsVisible = 0;
			defaultConfigurationName = Release;
		};
		33791AFD2BDA83CF003E6C75 /* Build configuration list for PBXNativeTarget "PoCSocketClientUITests" */ = {
			isa = XCConfigurationList;
			buildConfigurations = (
				33791AFE2BDA83CF003E6C75 /* Debug */,
				33791AFF2BDA83CF003E6C75 /* Release */,
			);
			defaultConfigurationIsVisible = 0;
			defaultConfigurationName = Release;
		};
/* End XCConfigurationList section */

/* Begin XCRemoteSwiftPackageReference section */
		33791B002BDA8CA5003E6C75 /* XCRemoteSwiftPackageReference "socket" */ = {
			isa = XCRemoteSwiftPackageReference;
			repositoryURL = "https://github.com/socketio/socket.io-client-swift";
			requirement = {
				kind = exactVersion;
				version = 15.0.0;
			};
		};
/* End XCRemoteSwiftPackageReference section */
	};
	rootObject = 33791ACB2BDA83CC003E6C75 /* Project object */;
}
